
Microsoft Visual Studio Solution File, Format Version 12.00
# Visual Studio Version 16
VisualStudioVersion = 16.0.31205.134
MinimumVisualStudioVersion = 10.0.40219.1
Project("{9A19103F-16F7-4668-BE54-9A1E7A4F7556}") = "MQTTDome", "MQTTDome.csproj", "{B97CF6FB-CD4F-4410-8534-B6938C91D8F9}"
EndProject
Project("{9A19103F-16F7-4668-BE54-9A1E7A4F7556}") = "MQTTServerDome", "..\MQTTServerDome\MQTTServerDome.csproj", "{4714E1A5-6D47-4BB8-A69D-133CCFDCFF22}"
EndProject
Project("{9A19103F-16F7-4668-BE54-9A1E7A4F7556}") = "MQTTDomeMode", "..\MQTTDomeMode\MQTTDomeMode.csproj", "{5056A879-7855-412B-9948-C678E77AB5CE}"
EndProject
Project("{FAE04EC0-301F-11D3-BF4B-00C04F79EFBC}") = "MQTTDome.Interface", "..\MQTTDome.Interface\MQTTDome.Interface.csproj", "{3FA129B5-2AB6-4170-9770-FF84C8F85CBF}"
EndProject
Project("{FAE04EC0-301F-11D3-BF4B-00C04F79EFBC}") = "MQTTClientDome", "..\MQTTClientDome\MQTTClientDome.csproj", "{C3570702-23D3-4C68-AE7B-3ECBBE837221}"
EndProject
Global
	GlobalSection(SolutionConfigurationPlatforms) = preSolution
		Debug|Any CPU = Debug|Any CPU
		Release|Any CPU = Release|Any CPU
	EndGlobalSection
	GlobalSection(ProjectConfigurationPlatforms) = postSolution
		{B97CF6FB-CD4F-4410-8534-B6938C91D8F9}.Debug|Any CPU.ActiveCfg = Debug|Any CPU
		{B97CF6FB-CD4F-4410-8534-B6938C91D8F9}.Debug|Any CPU.Build.0 = Debug|Any CPU
		{B97CF6FB-CD4F-4410-8534-B6938C91D8F9}.Release|Any CPU.ActiveCfg = Release|Any CPU
		{B97CF6FB-CD4F-4410-8534-B6938C91D8F9}.Release|Any CPU.Build.0 = Release|Any CPU
		{4714E1A5-6D47-4BB8-A69D-133CCFDCFF22}.Debug|Any CPU.ActiveCfg = Debug|Any CPU
		{4714E1A5-6D47-4BB8-A69D-133CCFDCFF22}.Debug|Any CPU.Build.0 = Debug|Any CPU
		{4714E1A5-6D47-4BB8-A69D-133CCFDCFF22}.Release|Any CPU.ActiveCfg = Release|Any CPU
		{4714E1A5-6D47-4BB8-A69D-133CCFDCFF22}.Release|Any CPU.Build.0 = Release|Any CPU
		{5056A879-7855-412B-9948-C678E77AB5CE}.Debug|Any CPU.ActiveCfg = Debug|Any CPU
		{5056A879-7855-412B-9948-C678E77AB5CE}.Debug|Any CPU.Build.0 = Debug|Any CPU
		{5056A879-7855-412B-9948-C678E77AB5CE}.Release|Any CPU.ActiveCfg = Release|Any CPU
		{5056A879-7855-412B-9948-C678E77AB5CE}.Release|Any CPU.Build.0 = Release|Any CPU
		{3FA129B5-2AB6-4170-9770-FF84C8F85CBF}.Debug|Any CPU.ActiveCfg = Debug|Any CPU
		{3FA129B5-2AB6-4170-9770-FF84C8F85CBF}.Debug|Any CPU.Build.0 = Debug|Any CPU
		{3FA129B5-2AB6-4170-9770-FF84C8F85CBF}.Release|Any CPU.ActiveCfg = Release|Any CPU
		{3FA129B5-2AB6-4170-9770-FF84C8F85CBF}.Release|Any CPU.Build.0 = Release|Any CPU
		{C3570702-23D3-4C68-AE7B-3ECBBE837221}.Debug|Any CPU.ActiveCfg = Debug|Any CPU
		{C3570702-23D3-4C68-AE7B-3ECBBE837221}.Debug|Any CPU.Build.0 = Debug|Any CPU
		{C3570702-23D3-4C68-AE7B-3ECBBE837221}.Release|Any CPU.ActiveCfg = Release|Any CPU
		{C3570702-23D3-4C68-AE7B-3ECBBE837221}.Release|Any CPU.Build.0 = Release|Any CPU
	EndGlobalSection
	GlobalSection(SolutionProperties) = preSolution
		HideSolutionNode = FALSE
	EndGlobalSection
	GlobalSection(ExtensibilityGlobals) = postSolution
		SolutionGuid = {875F60D3-651F-49EB-B830-439E9C217D49}
	EndGlobalSection
EndGlobal
